// !$*UTF8*$!
{
	archiveVersion = 1;
	classes = {
	};
	objectVersion = 56;
	objects = {

/* Begin PBXBuildFile section */
		58080C6C2BC89B1200050792 /* FoodItemPresenter.swift in Sources */ = {isa = PBXBuildFile; fileRef = 58080C6B2BC89B1200050792 /* FoodItemPresenter.swift */; };
		58080C6E2BC89BCC00050792 /* FoodItemViewModel.swift in Sources */ = {isa = PBXBuildFile; fileRef = 58080C6D2BC89BCC00050792 /* FoodItemViewModel.swift */; };
		58080C702BC89CDA00050792 /* FoodItemViewController.storyboard in Resources */ = {isa = PBXBuildFile; fileRef = 58080C6F2BC89CDA00050792 /* FoodItemViewController.storyboard */; };
		58080C722BC8A51B00050792 /* ViewController.swift in Sources */ = {isa = PBXBuildFile; fileRef = 58080C712BC8A51B00050792 /* ViewController.swift */; };
		58080C742BC8AEED00050792 /* SectionHeaderView.swift in Sources */ = {isa = PBXBuildFile; fileRef = 58080C732BC8AEED00050792 /* SectionHeaderView.swift */; };
		586609AE2BC46EEB0075A2F9 /* AppDelegate.swift in Sources */ = {isa = PBXBuildFile; fileRef = 586609AD2BC46EEB0075A2F9 /* AppDelegate.swift */; };
		586609B02BC46EEB0075A2F9 /* SceneDelegate.swift in Sources */ = {isa = PBXBuildFile; fileRef = 586609AF2BC46EEB0075A2F9 /* SceneDelegate.swift */; };
		586609B22BC46EEB0075A2F9 /* FoodCategoryViewController.swift in Sources */ = {isa = PBXBuildFile; fileRef = 586609B12BC46EEB0075A2F9 /* FoodCategoryViewController.swift */; };
		586609B52BC46EEB0075A2F9 /* Main.storyboard in Resources */ = {isa = PBXBuildFile; fileRef = 586609B32BC46EEB0075A2F9 /* Main.storyboard */; };
		586609B72BC46EEE0075A2F9 /* Assets.xcassets in Resources */ = {isa = PBXBuildFile; fileRef = 586609B62BC46EEE0075A2F9 /* Assets.xcassets */; };
		586609BA2BC46EEE0075A2F9 /* LaunchScreen.storyboard in Resources */ = {isa = PBXBuildFile; fileRef = 586609B82BC46EEE0075A2F9 /* LaunchScreen.storyboard */; };
		586609C52BC46EEE0075A2F9 /* LearnSwiftTests.swift in Sources */ = {isa = PBXBuildFile; fileRef = 586609C42BC46EEE0075A2F9 /* LearnSwiftTests.swift */; };
		586609CF2BC46EEE0075A2F9 /* LearnSwiftUITests.swift in Sources */ = {isa = PBXBuildFile; fileRef = 586609CE2BC46EEE0075A2F9 /* LearnSwiftUITests.swift */; };
		586609D12BC46EEE0075A2F9 /* LearnSwiftUITestsLaunchTests.swift in Sources */ = {isa = PBXBuildFile; fileRef = 586609D02BC46EEE0075A2F9 /* LearnSwiftUITestsLaunchTests.swift */; };
		586609E22BC472F10075A2F9 /* FoodCategory.swift in Sources */ = {isa = PBXBuildFile; fileRef = 586609E12BC472F10075A2F9 /* FoodCategory.swift */; };
		586609E42BC472FE0075A2F9 /* FoodItem.swift in Sources */ = {isa = PBXBuildFile; fileRef = 586609E32BC472FE0075A2F9 /* FoodItem.swift */; };
		586609E62BC475510075A2F9 /* FoodDataManager.swift in Sources */ = {isa = PBXBuildFile; fileRef = 586609E52BC475510075A2F9 /* FoodDataManager.swift */; };
		586609E82BC478260075A2F9 /* FoodItemViewController.swift in Sources */ = {isa = PBXBuildFile; fileRef = 586609E72BC478250075A2F9 /* FoodItemViewController.swift */; };
		586609EA2BC478460075A2F9 /* FoodCategoryPresenter.swift in Sources */ = {isa = PBXBuildFile; fileRef = 586609E92BC478460075A2F9 /* FoodCategoryPresenter.swift */; };
		586609EC2BC478570075A2F9 /* FoodCategoryViewModel.swift in Sources */ = {isa = PBXBuildFile; fileRef = 586609EB2BC478570075A2F9 /* FoodCategoryViewModel.swift */; };
		586609EE2BC47A8A0075A2F9 /* BaseRouter.swift in Sources */ = {isa = PBXBuildFile; fileRef = 586609ED2BC47A8A0075A2F9 /* BaseRouter.swift */; };
		586609F02BC47B020075A2F9 /* ErrorScreenRouter.swift in Sources */ = {isa = PBXBuildFile; fileRef = 586609EF2BC47B020075A2F9 /* ErrorScreenRouter.swift */; };
		586609F22BC47B280075A2F9 /* FoodCategoryRouter.swift in Sources */ = {isa = PBXBuildFile; fileRef = 586609F12BC47B280075A2F9 /* FoodCategoryRouter.swift */; };
		586609F42BC47C5E0075A2F9 /* ViewControllerStackManaging.swift in Sources */ = {isa = PBXBuildFile; fileRef = 586609F32BC47C5E0075A2F9 /* ViewControllerStackManaging.swift */; };
		586609F62BC47D990075A2F9 /* FoodCategoryViewController.storyboard in Resources */ = {isa = PBXBuildFile; fileRef = 586609F52BC47D990075A2F9 /* FoodCategoryViewController.storyboard */; };
		7B2BEBF72C4042BB00D1DC3C /* RecipeTableHeaderView.xib in Resources */ = {isa = PBXBuildFile; fileRef = 7B2BEBF62C4042BB00D1DC3C /* RecipeTableHeaderView.xib */; };
		7B2BEBF92C40431C00D1DC3C /* RecipeTableHeaderView.swift in Sources */ = {isa = PBXBuildFile; fileRef = 7B2BEBF82C40431C00D1DC3C /* RecipeTableHeaderView.swift */; };
		7B2BEBFE2C5AE8C800D1DC3C /* RecipeViewController.swift in Sources */ = {isa = PBXBuildFile; fileRef = 7B2BEBFD2C5AE8C800D1DC3C /* RecipeViewController.swift */; };
		7B2BEC002C5AEB1B00D1DC3C /* RecipeViewPresenter.swift in Sources */ = {isa = PBXBuildFile; fileRef = 7B2BEBFF2C5AEB1B00D1DC3C /* RecipeViewPresenter.swift */; };
		7BCBAA162C249FFE00DC4463 /* UIFont+extension.swift in Sources */ = {isa = PBXBuildFile; fileRef = 7BCBAA152C249FFE00DC4463 /* UIFont+extension.swift */; };
		926466EB2BD4856500FE364A /* FoodRecipeViewController.swift in Sources */ = {isa = PBXBuildFile; fileRef = 926466EA2BD4856500FE364A /* FoodRecipeViewController.swift */; };
		926466EF2BD48EB600FE364A /* FoodRecipePresenter.swift in Sources */ = {isa = PBXBuildFile; fileRef = 926466EE2BD48EB600FE364A /* FoodRecipePresenter.swift */; };
		926466F12BD48EEB00FE364A /* FoodRecipeViewController.storyboard in Resources */ = {isa = PBXBuildFile; fileRef = 926466F02BD48EEB00FE364A /* FoodRecipeViewController.storyboard */; };
		926466F32BD5D7D200FE364A /* FoodRecipeViewModel.swift in Sources */ = {isa = PBXBuildFile; fileRef = 926466F22BD5D7D200FE364A /* FoodRecipeViewModel.swift */; };
		926466F72BD5E1AD00FE364A /* FoodItemRouter.swift in Sources */ = {isa = PBXBuildFile; fileRef = 926466F62BD5E1AD00FE364A /* FoodItemRouter.swift */; };
		9293B7B02BF5672600FD0D16 /* RecipeHeaderView.swift in Sources */ = {isa = PBXBuildFile; fileRef = 9293B7AF2BF5672600FD0D16 /* RecipeHeaderView.swift */; };
		92BC7C5A2C3F7E1600514CA8 /* File.rtf in Resources */ = {isa = PBXBuildFile; fileRef = 92BC7C592C3F7E1600514CA8 /* File.rtf */; };
		92BC7C5C2C3F7EC700514CA8 /* RecipeView.swift in Sources */ = {isa = PBXBuildFile; fileRef = 92BC7C5B2C3F7EC700514CA8 /* RecipeView.swift */; };
		92D00E942BD73C5500026CEE /* Descriptions.rtf in Resources */ = {isa = PBXBuildFile; fileRef = 92D00E932BD73C5500026CEE /* Descriptions.rtf */; };
		92D00E962BD746AA00026CEE /* RecipeTableViewCell.swift in Sources */ = {isa = PBXBuildFile; fileRef = 92D00E952BD746AA00026CEE /* RecipeTableViewCell.swift */; };
		92D00E9F2BDEF9BB00026CEE /* LearnSwiftSessionDelegate.swift in Sources */ = {isa = PBXBuildFile; fileRef = 92D00E9C2BDEF9BB00026CEE /* LearnSwiftSessionDelegate.swift */; };
		92D00EA02BDEF9BB00026CEE /* LearnSwiftEndpoint.swift in Sources */ = {isa = PBXBuildFile; fileRef = 92D00E9D2BDEF9BB00026CEE /* LearnSwiftEndpoint.swift */; };
		92D00EA12BDEF9BB00026CEE /* LearnSwiftNetworkService.swift in Sources */ = {isa = PBXBuildFile; fileRef = 92D00E9E2BDEF9BB00026CEE /* LearnSwiftNetworkService.swift */; };
		92D00EA32BDEFBD000026CEE /* Endpoint.swift in Sources */ = {isa = PBXBuildFile; fileRef = 92D00EA22BDEFBD000026CEE /* Endpoint.swift */; };
		92D00EA52BF1488500026CEE /* FoodRecipe.swift in Sources */ = {isa = PBXBuildFile; fileRef = 92D00EA42BF1488500026CEE /* FoodRecipe.swift */; };
		92D00EA72BF1490100026CEE /* FoodIngredients.swift in Sources */ = {isa = PBXBuildFile; fileRef = 92D00EA62BF1490100026CEE /* FoodIngredients.swift */; };
/* End PBXBuildFile section */

/* Begin PBXContainerItemProxy section */
		586609C12BC46EEE0075A2F9 /* PBXContainerItemProxy */ = {
			isa = PBXContainerItemProxy;
			containerPortal = 586609A22BC46EEB0075A2F9 /* Project object */;
			proxyType = 1;
			remoteGlobalIDString = 586609A92BC46EEB0075A2F9;
			remoteInfo = LearnSwift;
		};
		586609CB2BC46EEE0075A2F9 /* PBXContainerItemProxy */ = {
			isa = PBXContainerItemProxy;
			containerPortal = 586609A22BC46EEB0075A2F9 /* Project object */;
			proxyType = 1;
			remoteGlobalIDString = 586609A92BC46EEB0075A2F9;
			remoteInfo = LearnSwift;
		};
/* End PBXContainerItemProxy section */

/* Begin PBXFileReference section */
		58080C6B2BC89B1200050792 /* FoodItemPresenter.swift */ = {isa = PBXFileReference; lastKnownFileType = sourcecode.swift; path = FoodItemPresenter.swift; sourceTree = "<group>"; };
		58080C6D2BC89BCC00050792 /* FoodItemViewModel.swift */ = {isa = PBXFileReference; lastKnownFileType = sourcecode.swift; path = FoodItemViewModel.swift; sourceTree = "<group>"; };
		58080C6F2BC89CDA00050792 /* FoodItemViewController.storyboard */ = {isa = PBXFileReference; lastKnownFileType = file.storyboard; path = FoodItemViewController.storyboard; sourceTree = "<group>"; };
		58080C712BC8A51B00050792 /* ViewController.swift */ = {isa = PBXFileReference; lastKnownFileType = sourcecode.swift; path = ViewController.swift; sourceTree = "<group>"; };
		58080C732BC8AEED00050792 /* SectionHeaderView.swift */ = {isa = PBXFileReference; lastKnownFileType = sourcecode.swift; path = SectionHeaderView.swift; sourceTree = "<group>"; };
		586609AA2BC46EEB0075A2F9 /* LearnSwift.app */ = {isa = PBXFileReference; explicitFileType = wrapper.application; includeInIndex = 0; path = LearnSwift.app; sourceTree = BUILT_PRODUCTS_DIR; };
		586609AD2BC46EEB0075A2F9 /* AppDelegate.swift */ = {isa = PBXFileReference; lastKnownFileType = sourcecode.swift; path = AppDelegate.swift; sourceTree = "<group>"; };
		586609AF2BC46EEB0075A2F9 /* SceneDelegate.swift */ = {isa = PBXFileReference; lastKnownFileType = sourcecode.swift; path = SceneDelegate.swift; sourceTree = "<group>"; };
		586609B12BC46EEB0075A2F9 /* FoodCategoryViewController.swift */ = {isa = PBXFileReference; lastKnownFileType = sourcecode.swift; path = FoodCategoryViewController.swift; sourceTree = "<group>"; };
		586609B42BC46EEB0075A2F9 /* Base */ = {isa = PBXFileReference; lastKnownFileType = file.storyboard; name = Base; path = Base.lproj/Main.storyboard; sourceTree = "<group>"; };
		586609B62BC46EEE0075A2F9 /* Assets.xcassets */ = {isa = PBXFileReference; lastKnownFileType = folder.assetcatalog; path = Assets.xcassets; sourceTree = "<group>"; };
		586609B92BC46EEE0075A2F9 /* Base */ = {isa = PBXFileReference; lastKnownFileType = file.storyboard; name = Base; path = Base.lproj/LaunchScreen.storyboard; sourceTree = "<group>"; };
		586609BB2BC46EEE0075A2F9 /* Info.plist */ = {isa = PBXFileReference; lastKnownFileType = text.plist.xml; path = Info.plist; sourceTree = "<group>"; };
		586609C02BC46EEE0075A2F9 /* LearnSwiftTests.xctest */ = {isa = PBXFileReference; explicitFileType = wrapper.cfbundle; includeInIndex = 0; path = LearnSwiftTests.xctest; sourceTree = BUILT_PRODUCTS_DIR; };
		586609C42BC46EEE0075A2F9 /* LearnSwiftTests.swift */ = {isa = PBXFileReference; lastKnownFileType = sourcecode.swift; path = LearnSwiftTests.swift; sourceTree = "<group>"; };
		586609CA2BC46EEE0075A2F9 /* LearnSwiftUITests.xctest */ = {isa = PBXFileReference; explicitFileType = wrapper.cfbundle; includeInIndex = 0; path = LearnSwiftUITests.xctest; sourceTree = BUILT_PRODUCTS_DIR; };
		586609CE2BC46EEE0075A2F9 /* LearnSwiftUITests.swift */ = {isa = PBXFileReference; lastKnownFileType = sourcecode.swift; path = LearnSwiftUITests.swift; sourceTree = "<group>"; };
		586609D02BC46EEE0075A2F9 /* LearnSwiftUITestsLaunchTests.swift */ = {isa = PBXFileReference; lastKnownFileType = sourcecode.swift; path = LearnSwiftUITestsLaunchTests.swift; sourceTree = "<group>"; };
		586609E12BC472F10075A2F9 /* FoodCategory.swift */ = {isa = PBXFileReference; lastKnownFileType = sourcecode.swift; path = FoodCategory.swift; sourceTree = "<group>"; };
		586609E32BC472FE0075A2F9 /* FoodItem.swift */ = {isa = PBXFileReference; lastKnownFileType = sourcecode.swift; path = FoodItem.swift; sourceTree = "<group>"; };
		586609E52BC475510075A2F9 /* FoodDataManager.swift */ = {isa = PBXFileReference; lastKnownFileType = sourcecode.swift; path = FoodDataManager.swift; sourceTree = "<group>"; };
		586609E72BC478250075A2F9 /* FoodItemViewController.swift */ = {isa = PBXFileReference; lastKnownFileType = sourcecode.swift; path = FoodItemViewController.swift; sourceTree = "<group>"; };
		586609E92BC478460075A2F9 /* FoodCategoryPresenter.swift */ = {isa = PBXFileReference; lastKnownFileType = sourcecode.swift; path = FoodCategoryPresenter.swift; sourceTree = "<group>"; };
		586609EB2BC478570075A2F9 /* FoodCategoryViewModel.swift */ = {isa = PBXFileReference; lastKnownFileType = sourcecode.swift; path = FoodCategoryViewModel.swift; sourceTree = "<group>"; };
		586609ED2BC47A8A0075A2F9 /* BaseRouter.swift */ = {isa = PBXFileReference; lastKnownFileType = sourcecode.swift; path = BaseRouter.swift; sourceTree = "<group>"; };
		586609EF2BC47B020075A2F9 /* ErrorScreenRouter.swift */ = {isa = PBXFileReference; lastKnownFileType = sourcecode.swift; path = ErrorScreenRouter.swift; sourceTree = "<group>"; };
		586609F12BC47B280075A2F9 /* FoodCategoryRouter.swift */ = {isa = PBXFileReference; lastKnownFileType = sourcecode.swift; path = FoodCategoryRouter.swift; sourceTree = "<group>"; };
		586609F32BC47C5E0075A2F9 /* ViewControllerStackManaging.swift */ = {isa = PBXFileReference; lastKnownFileType = sourcecode.swift; path = ViewControllerStackManaging.swift; sourceTree = "<group>"; };
		586609F52BC47D990075A2F9 /* FoodCategoryViewController.storyboard */ = {isa = PBXFileReference; lastKnownFileType = file.storyboard; path = FoodCategoryViewController.storyboard; sourceTree = "<group>"; };
		7B2BEBF62C4042BB00D1DC3C /* RecipeTableHeaderView.xib */ = {isa = PBXFileReference; lastKnownFileType = file.xib; path = RecipeTableHeaderView.xib; sourceTree = "<group>"; };
		7B2BEBF82C40431C00D1DC3C /* RecipeTableHeaderView.swift */ = {isa = PBXFileReference; lastKnownFileType = sourcecode.swift; path = RecipeTableHeaderView.swift; sourceTree = "<group>"; };
		7B2BEBFD2C5AE8C800D1DC3C /* RecipeViewController.swift */ = {isa = PBXFileReference; lastKnownFileType = sourcecode.swift; path = RecipeViewController.swift; sourceTree = "<group>"; };
		7B2BEBFF2C5AEB1B00D1DC3C /* RecipeViewPresenter.swift */ = {isa = PBXFileReference; lastKnownFileType = sourcecode.swift; path = RecipeViewPresenter.swift; sourceTree = "<group>"; };
		7BCBAA152C249FFE00DC4463 /* UIFont+extension.swift */ = {isa = PBXFileReference; lastKnownFileType = sourcecode.swift; path = "UIFont+extension.swift"; sourceTree = "<group>"; };
		926466EA2BD4856500FE364A /* FoodRecipeViewController.swift */ = {isa = PBXFileReference; lastKnownFileType = sourcecode.swift; path = FoodRecipeViewController.swift; sourceTree = "<group>"; };
		926466EE2BD48EB600FE364A /* FoodRecipePresenter.swift */ = {isa = PBXFileReference; lastKnownFileType = sourcecode.swift; path = FoodRecipePresenter.swift; sourceTree = "<group>"; };
		926466F02BD48EEB00FE364A /* FoodRecipeViewController.storyboard */ = {isa = PBXFileReference; lastKnownFileType = file.storyboard; path = FoodRecipeViewController.storyboard; sourceTree = "<group>"; };
		926466F22BD5D7D200FE364A /* FoodRecipeViewModel.swift */ = {isa = PBXFileReference; lastKnownFileType = sourcecode.swift; path = FoodRecipeViewModel.swift; sourceTree = "<group>"; };
		926466F62BD5E1AD00FE364A /* FoodItemRouter.swift */ = {isa = PBXFileReference; lastKnownFileType = sourcecode.swift; path = FoodItemRouter.swift; sourceTree = "<group>"; };
		9293B7AF2BF5672600FD0D16 /* RecipeHeaderView.swift */ = {isa = PBXFileReference; lastKnownFileType = sourcecode.swift; path = RecipeHeaderView.swift; sourceTree = "<group>"; };
		92BC7C592C3F7E1600514CA8 /* File.rtf */ = {isa = PBXFileReference; lastKnownFileType = text.rtf; path = File.rtf; sourceTree = "<group>"; };
		92BC7C5B2C3F7EC700514CA8 /* RecipeView.swift */ = {isa = PBXFileReference; lastKnownFileType = sourcecode.swift; path = RecipeView.swift; sourceTree = "<group>"; };
		92D00E932BD73C5500026CEE /* Descriptions.rtf */ = {isa = PBXFileReference; lastKnownFileType = text.rtf; path = Descriptions.rtf; sourceTree = "<group>"; };
		92D00E952BD746AA00026CEE /* RecipeTableViewCell.swift */ = {isa = PBXFileReference; lastKnownFileType = sourcecode.swift; path = RecipeTableViewCell.swift; sourceTree = "<group>"; };
		92D00E9C2BDEF9BB00026CEE /* LearnSwiftSessionDelegate.swift */ = {isa = PBXFileReference; fileEncoding = 4; lastKnownFileType = sourcecode.swift; path = LearnSwiftSessionDelegate.swift; sourceTree = "<group>"; };
		92D00E9D2BDEF9BB00026CEE /* LearnSwiftEndpoint.swift */ = {isa = PBXFileReference; fileEncoding = 4; lastKnownFileType = sourcecode.swift; path = LearnSwiftEndpoint.swift; sourceTree = "<group>"; };
		92D00E9E2BDEF9BB00026CEE /* LearnSwiftNetworkService.swift */ = {isa = PBXFileReference; fileEncoding = 4; lastKnownFileType = sourcecode.swift; path = LearnSwiftNetworkService.swift; sourceTree = "<group>"; };
		92D00EA22BDEFBD000026CEE /* Endpoint.swift */ = {isa = PBXFileReference; fileEncoding = 4; lastKnownFileType = sourcecode.swift; path = Endpoint.swift; sourceTree = "<group>"; };
		92D00EA42BF1488500026CEE /* FoodRecipe.swift */ = {isa = PBXFileReference; lastKnownFileType = sourcecode.swift; path = FoodRecipe.swift; sourceTree = "<group>"; };
		92D00EA62BF1490100026CEE /* FoodIngredients.swift */ = {isa = PBXFileReference; lastKnownFileType = sourcecode.swift; path = FoodIngredients.swift; sourceTree = "<group>"; };
/* End PBXFileReference section */

/* Begin PBXFrameworksBuildPhase section */
		586609A72BC46EEB0075A2F9 /* Frameworks */ = {
			isa = PBXFrameworksBuildPhase;
			buildActionMask = 2147483647;
			files = (
			);
			runOnlyForDeploymentPostprocessing = 0;
		};
		586609BD2BC46EEE0075A2F9 /* Frameworks */ = {
			isa = PBXFrameworksBuildPhase;
			buildActionMask = 2147483647;
			files = (
			);
			runOnlyForDeploymentPostprocessing = 0;
		};
		586609C72BC46EEE0075A2F9 /* Frameworks */ = {
			isa = PBXFrameworksBuildPhase;
			buildActionMask = 2147483647;
			files = (
			);
			runOnlyForDeploymentPostprocessing = 0;
		};
/* End PBXFrameworksBuildPhase section */

/* Begin PBXGroup section */
		586609A12BC46EEB0075A2F9 = {
			isa = PBXGroup;
			children = (
				586609AC2BC46EEB0075A2F9 /* LearnSwift */,
				586609C32BC46EEE0075A2F9 /* LearnSwiftTests */,
				586609CD2BC46EEE0075A2F9 /* LearnSwiftUITests */,
				586609AB2BC46EEB0075A2F9 /* Products */,
			);
			sourceTree = "<group>";
		};
		586609AB2BC46EEB0075A2F9 /* Products */ = {
			isa = PBXGroup;
			children = (
				586609AA2BC46EEB0075A2F9 /* LearnSwift.app */,
				586609C02BC46EEE0075A2F9 /* LearnSwiftTests.xctest */,
				586609CA2BC46EEE0075A2F9 /* LearnSwiftUITests.xctest */,
			);
			name = Products;
			sourceTree = "<group>";
		};
		586609AC2BC46EEB0075A2F9 /* LearnSwift */ = {
			isa = PBXGroup;
			children = (
				586609DD2BC46F330075A2F9 /* Modules */,
				586609E02BC471600075A2F9 /* Model */,
				586609AD2BC46EEB0075A2F9 /* AppDelegate.swift */,
				586609AF2BC46EEB0075A2F9 /* SceneDelegate.swift */,
				58080C712BC8A51B00050792 /* ViewController.swift */,
				586609B32BC46EEB0075A2F9 /* Main.storyboard */,
				586609B62BC46EEE0075A2F9 /* Assets.xcassets */,
				586609B82BC46EEE0075A2F9 /* LaunchScreen.storyboard */,
				586609BB2BC46EEE0075A2F9 /* Info.plist */,
				586609ED2BC47A8A0075A2F9 /* BaseRouter.swift */,
				586609EF2BC47B020075A2F9 /* ErrorScreenRouter.swift */,
				586609F32BC47C5E0075A2F9 /* ViewControllerStackManaging.swift */,
				92BC7C592C3F7E1600514CA8 /* File.rtf */,
				92D00E932BD73C5500026CEE /* Descriptions.rtf */,
			);
			path = LearnSwift;
			sourceTree = "<group>";
		};
		586609C32BC46EEE0075A2F9 /* LearnSwiftTests */ = {
			isa = PBXGroup;
			children = (
				586609C42BC46EEE0075A2F9 /* LearnSwiftTests.swift */,
			);
			path = LearnSwiftTests;
			sourceTree = "<group>";
		};
		586609CD2BC46EEE0075A2F9 /* LearnSwiftUITests */ = {
			isa = PBXGroup;
			children = (
				586609CE2BC46EEE0075A2F9 /* LearnSwiftUITests.swift */,
				586609D02BC46EEE0075A2F9 /* LearnSwiftUITestsLaunchTests.swift */,
			);
			path = LearnSwiftUITests;
			sourceTree = "<group>";
		};
		586609DD2BC46F330075A2F9 /* Modules */ = {
			isa = PBXGroup;
			children = (
				7BCBAA142C249FD200DC4463 /* Extensions */,
				92D00E972BDEF7DD00026CEE /* Networking */,
				926466DF2BD47F9A00FE364A /* Recipe */,
				586609DE2BC46F6B0075A2F9 /* Category */,
				586609DF2BC46F720075A2F9 /* Item */,
			);
			path = Modules;
			sourceTree = "<group>";
		};
		586609DE2BC46F6B0075A2F9 /* Category */ = {
			isa = PBXGroup;
			children = (
				586609B12BC46EEB0075A2F9 /* FoodCategoryViewController.swift */,
				586609E92BC478460075A2F9 /* FoodCategoryPresenter.swift */,
				586609EB2BC478570075A2F9 /* FoodCategoryViewModel.swift */,
				586609F12BC47B280075A2F9 /* FoodCategoryRouter.swift */,
				586609F52BC47D990075A2F9 /* FoodCategoryViewController.storyboard */,
			);
			path = Category;
			sourceTree = "<group>";
		};
		586609DF2BC46F720075A2F9 /* Item */ = {
			isa = PBXGroup;
			children = (
				586609E72BC478250075A2F9 /* FoodItemViewController.swift */,
				58080C6B2BC89B1200050792 /* FoodItemPresenter.swift */,
				58080C6D2BC89BCC00050792 /* FoodItemViewModel.swift */,
				58080C6F2BC89CDA00050792 /* FoodItemViewController.storyboard */,
				58080C732BC8AEED00050792 /* SectionHeaderView.swift */,
				926466F62BD5E1AD00FE364A /* FoodItemRouter.swift */,
			);
			path = Item;
			sourceTree = "<group>";
		};
		586609E02BC471600075A2F9 /* Model */ = {
			isa = PBXGroup;
			children = (
				586609E12BC472F10075A2F9 /* FoodCategory.swift */,
				586609E32BC472FE0075A2F9 /* FoodItem.swift */,
				586609E52BC475510075A2F9 /* FoodDataManager.swift */,
				92D00EA42BF1488500026CEE /* FoodRecipe.swift */,
				92D00EA62BF1490100026CEE /* FoodIngredients.swift */,
			);
			path = Model;
			sourceTree = "<group>";
		};
		7B2BEBFC2C5AE80C00D1DC3C /* SwiftUI */ = {
			isa = PBXGroup;
			children = (
				92BC7C5B2C3F7EC700514CA8 /* RecipeView.swift */,
				7B2BEBFD2C5AE8C800D1DC3C /* RecipeViewController.swift */,
				7B2BEBFF2C5AEB1B00D1DC3C /* RecipeViewPresenter.swift */,
			);
			path = SwiftUI;
			sourceTree = "<group>";
		};
		7BCBAA142C249FD200DC4463 /* Extensions */ = {
			isa = PBXGroup;
			children = (
				7BCBAA152C249FFE00DC4463 /* UIFont+extension.swift */,
			);
			path = Extensions;
			sourceTree = "<group>";
		};
		926466DF2BD47F9A00FE364A /* Recipe */ = {
			isa = PBXGroup;
			children = (
				7B2BEBFC2C5AE80C00D1DC3C /* SwiftUI */,
				926466EA2BD4856500FE364A /* FoodRecipeViewController.swift */,
				926466EE2BD48EB600FE364A /* FoodRecipePresenter.swift */,
				926466F02BD48EEB00FE364A /* FoodRecipeViewController.storyboard */,
				926466F22BD5D7D200FE364A /* FoodRecipeViewModel.swift */,
				92D00E952BD746AA00026CEE /* RecipeTableViewCell.swift */,
				9293B7AF2BF5672600FD0D16 /* RecipeHeaderView.swift */,
				7B2BEBF62C4042BB00D1DC3C /* RecipeTableHeaderView.xib */,
				7B2BEBF82C40431C00D1DC3C /* RecipeTableHeaderView.swift */,
			);
			path = Recipe;
			sourceTree = "<group>";
		};
		92D00E972BDEF7DD00026CEE /* Networking */ = {
			isa = PBXGroup;
			children = (
				92D00EA22BDEFBD000026CEE /* Endpoint.swift */,
				92D00E9C2BDEF9BB00026CEE /* LearnSwiftSessionDelegate.swift */,
				92D00E9D2BDEF9BB00026CEE /* LearnSwiftEndpoint.swift */,
				92D00E9E2BDEF9BB00026CEE /* LearnSwiftNetworkService.swift */,
			);
			path = Networking;
			sourceTree = "<group>";
		};
/* End PBXGroup section */

/* Begin PBXNativeTarget section */
		586609A92BC46EEB0075A2F9 /* LearnSwift */ = {
			isa = PBXNativeTarget;
			buildConfigurationList = 586609D42BC46EEE0075A2F9 /* Build configuration list for PBXNativeTarget "LearnSwift" */;
			buildPhases = (
				586609A62BC46EEB0075A2F9 /* Sources */,
				586609A72BC46EEB0075A2F9 /* Frameworks */,
				586609A82BC46EEB0075A2F9 /* Resources */,
			);
			buildRules = (
			);
			dependencies = (
			);
			name = LearnSwift;
			productName = LearnSwift;
			productReference = 586609AA2BC46EEB0075A2F9 /* LearnSwift.app */;
			productType = "com.apple.product-type.application";
		};
		586609BF2BC46EEE0075A2F9 /* LearnSwiftTests */ = {
			isa = PBXNativeTarget;
			buildConfigurationList = 586609D72BC46EEE0075A2F9 /* Build configuration list for PBXNativeTarget "LearnSwiftTests" */;
			buildPhases = (
				586609BC2BC46EEE0075A2F9 /* Sources */,
				586609BD2BC46EEE0075A2F9 /* Frameworks */,
				586609BE2BC46EEE0075A2F9 /* Resources */,
			);
			buildRules = (
			);
			dependencies = (
				586609C22BC46EEE0075A2F9 /* PBXTargetDependency */,
			);
			name = LearnSwiftTests;
			productName = LearnSwiftTests;
			productReference = 586609C02BC46EEE0075A2F9 /* LearnSwiftTests.xctest */;
			productType = "com.apple.product-type.bundle.unit-test";
		};
		586609C92BC46EEE0075A2F9 /* LearnSwiftUITests */ = {
			isa = PBXNativeTarget;
			buildConfigurationList = 586609DA2BC46EEE0075A2F9 /* Build configuration list for PBXNativeTarget "LearnSwiftUITests" */;
			buildPhases = (
				586609C62BC46EEE0075A2F9 /* Sources */,
				586609C72BC46EEE0075A2F9 /* Frameworks */,
				586609C82BC46EEE0075A2F9 /* Resources */,
			);
			buildRules = (
			);
			dependencies = (
				586609CC2BC46EEE0075A2F9 /* PBXTargetDependency */,
			);
			name = LearnSwiftUITests;
			productName = LearnSwiftUITests;
			productReference = 586609CA2BC46EEE0075A2F9 /* LearnSwiftUITests.xctest */;
			productType = "com.apple.product-type.bundle.ui-testing";
		};
/* End PBXNativeTarget section */

/* Begin PBXProject section */
		586609A22BC46EEB0075A2F9 /* Project object */ = {
			isa = PBXProject;
			attributes = {
				BuildIndependentTargetsInParallel = 1;
				LastSwiftUpdateCheck = 1520;
				LastUpgradeCheck = 1520;
				TargetAttributes = {
					586609A92BC46EEB0075A2F9 = {
						CreatedOnToolsVersion = 15.2;
					};
					586609BF2BC46EEE0075A2F9 = {
						CreatedOnToolsVersion = 15.2;
						TestTargetID = 586609A92BC46EEB0075A2F9;
					};
					586609C92BC46EEE0075A2F9 = {
						CreatedOnToolsVersion = 15.2;
						TestTargetID = 586609A92BC46EEB0075A2F9;
					};
				};
			};
			buildConfigurationList = 586609A52BC46EEB0075A2F9 /* Build configuration list for PBXProject "LearnSwift" */;
			compatibilityVersion = "Xcode 14.0";
			developmentRegion = en;
			hasScannedForEncodings = 0;
			knownRegions = (
				en,
				Base,
			);
			mainGroup = 586609A12BC46EEB0075A2F9;
			productRefGroup = 586609AB2BC46EEB0075A2F9 /* Products */;
			projectDirPath = "";
			projectRoot = "";
			targets = (
				586609A92BC46EEB0075A2F9 /* LearnSwift */,
				586609BF2BC46EEE0075A2F9 /* LearnSwiftTests */,
				586609C92BC46EEE0075A2F9 /* LearnSwiftUITests */,
			);
		};
/* End PBXProject section */

/* Begin PBXResourcesBuildPhase section */
		586609A82BC46EEB0075A2F9 /* Resources */ = {
			isa = PBXResourcesBuildPhase;
			buildActionMask = 2147483647;
			files = (
				586609BA2BC46EEE0075A2F9 /* LaunchScreen.storyboard in Resources */,
				586609F62BC47D990075A2F9 /* FoodCategoryViewController.storyboard in Resources */,
				92BC7C5A2C3F7E1600514CA8 /* File.rtf in Resources */,
				586609B72BC46EEE0075A2F9 /* Assets.xcassets in Resources */,
				58080C702BC89CDA00050792 /* FoodItemViewController.storyboard in Resources */,
				92D00E942BD73C5500026CEE /* Descriptions.rtf in Resources */,
				586609B52BC46EEB0075A2F9 /* Main.storyboard in Resources */,
				926466F12BD48EEB00FE364A /* FoodRecipeViewController.storyboard in Resources */,
				7B2BEBF72C4042BB00D1DC3C /* RecipeTableHeaderView.xib in Resources */,
			);
			runOnlyForDeploymentPostprocessing = 0;
		};
		586609BE2BC46EEE0075A2F9 /* Resources */ = {
			isa = PBXResourcesBuildPhase;
			buildActionMask = 2147483647;
			files = (
			);
			runOnlyForDeploymentPostprocessing = 0;
		};
		586609C82BC46EEE0075A2F9 /* Resources */ = {
			isa = PBXResourcesBuildPhase;
			buildActionMask = 2147483647;
			files = (
			);
			runOnlyForDeploymentPostprocessing = 0;
		};
/* End PBXResourcesBuildPhase section */

/* Begin PBXSourcesBuildPhase section */
		586609A62BC46EEB0075A2F9 /* Sources */ = {
			isa = PBXSourcesBuildPhase;
			buildActionMask = 2147483647;
			files = (
				586609B22BC46EEB0075A2F9 /* FoodCategoryViewController.swift in Sources */,
				926466EF2BD48EB600FE364A /* FoodRecipePresenter.swift in Sources */,
				7B2BEC002C5AEB1B00D1DC3C /* RecipeViewPresenter.swift in Sources */,
				58080C6E2BC89BCC00050792 /* FoodItemViewModel.swift in Sources */,
				92D00EA72BF1490100026CEE /* FoodIngredients.swift in Sources */,
				586609F42BC47C5E0075A2F9 /* ViewControllerStackManaging.swift in Sources */,
				7B2BEBFE2C5AE8C800D1DC3C /* RecipeViewController.swift in Sources */,
				586609EC2BC478570075A2F9 /* FoodCategoryViewModel.swift in Sources */,
				586609AE2BC46EEB0075A2F9 /* AppDelegate.swift in Sources */,
				586609E42BC472FE0075A2F9 /* FoodItem.swift in Sources */,
				92D00EA02BDEF9BB00026CEE /* LearnSwiftEndpoint.swift in Sources */,
				92D00EA12BDEF9BB00026CEE /* LearnSwiftNetworkService.swift in Sources */,
				586609B02BC46EEB0075A2F9 /* SceneDelegate.swift in Sources */,
				926466F32BD5D7D200FE364A /* FoodRecipeViewModel.swift in Sources */,
				92D00EA52BF1488500026CEE /* FoodRecipe.swift in Sources */,
				586609EA2BC478460075A2F9 /* FoodCategoryPresenter.swift in Sources */,
				586609F02BC47B020075A2F9 /* ErrorScreenRouter.swift in Sources */,
				92D00EA32BDEFBD000026CEE /* Endpoint.swift in Sources */,
				7BCBAA162C249FFE00DC4463 /* UIFont+extension.swift in Sources */,
				92D00E962BD746AA00026CEE /* RecipeTableViewCell.swift in Sources */,
				586609E82BC478260075A2F9 /* FoodItemViewController.swift in Sources */,
				926466F72BD5E1AD00FE364A /* FoodItemRouter.swift in Sources */,
				58080C742BC8AEED00050792 /* SectionHeaderView.swift in Sources */,
				58080C6C2BC89B1200050792 /* FoodItemPresenter.swift in Sources */,
				586609EE2BC47A8A0075A2F9 /* BaseRouter.swift in Sources */,
				586609E22BC472F10075A2F9 /* FoodCategory.swift in Sources */,
				9293B7B02BF5672600FD0D16 /* RecipeHeaderView.swift in Sources */,
				586609F22BC47B280075A2F9 /* FoodCategoryRouter.swift in Sources */,
				7B2BEBF92C40431C00D1DC3C /* RecipeTableHeaderView.swift in Sources */,
				92BC7C5C2C3F7EC700514CA8 /* RecipeView.swift in Sources */,
				926466EB2BD4856500FE364A /* FoodRecipeViewController.swift in Sources */,
				92D00E9F2BDEF9BB00026CEE /* LearnSwiftSessionDelegate.swift in Sources */,
				58080C722BC8A51B00050792 /* ViewController.swift in Sources */,
				586609E62BC475510075A2F9 /* FoodDataManager.swift in Sources */,
			);
			runOnlyForDeploymentPostprocessing = 0;
		};
		586609BC2BC46EEE0075A2F9 /* Sources */ = {
			isa = PBXSourcesBuildPhase;
			buildActionMask = 2147483647;
			files = (
				586609C52BC46EEE0075A2F9 /* LearnSwiftTests.swift in Sources */,
			);
			runOnlyForDeploymentPostprocessing = 0;
		};
		586609C62BC46EEE0075A2F9 /* Sources */ = {
			isa = PBXSourcesBuildPhase;
			buildActionMask = 2147483647;
			files = (
				586609CF2BC46EEE0075A2F9 /* LearnSwiftUITests.swift in Sources */,
				586609D12BC46EEE0075A2F9 /* LearnSwiftUITestsLaunchTests.swift in Sources */,
			);
			runOnlyForDeploymentPostprocessing = 0;
		};
/* End PBXSourcesBuildPhase section */

/* Begin PBXTargetDependency section */
		586609C22BC46EEE0075A2F9 /* PBXTargetDependency */ = {
			isa = PBXTargetDependency;
			target = 586609A92BC46EEB0075A2F9 /* LearnSwift */;
			targetProxy = 586609C12BC46EEE0075A2F9 /* PBXContainerItemProxy */;
		};
		586609CC2BC46EEE0075A2F9 /* PBXTargetDependency */ = {
			isa = PBXTargetDependency;
			target = 586609A92BC46EEB0075A2F9 /* LearnSwift */;
			targetProxy = 586609CB2BC46EEE0075A2F9 /* PBXContainerItemProxy */;
		};
/* End PBXTargetDependency section */

/* Begin PBXVariantGroup section */
		586609B32BC46EEB0075A2F9 /* Main.storyboard */ = {
			isa = PBXVariantGroup;
			children = (
				586609B42BC46EEB0075A2F9 /* Base */,
			);
			name = Main.storyboard;
			sourceTree = "<group>";
		};
		586609B82BC46EEE0075A2F9 /* LaunchScreen.storyboard */ = {
			isa = PBXVariantGroup;
			children = (
				586609B92BC46EEE0075A2F9 /* Base */,
			);
			name = LaunchScreen.storyboard;
			sourceTree = "<group>";
		};
/* End PBXVariantGroup section */

/* Begin XCBuildConfiguration section */
		586609D22BC46EEE0075A2F9 /* Debug */ = {
			isa = XCBuildConfiguration;
			buildSettings = {
				ALWAYS_SEARCH_USER_PATHS = NO;
				ASSETCATALOG_COMPILER_GENERATE_SWIFT_ASSET_SYMBOL_EXTENSIONS = YES;
				CLANG_ANALYZER_NONNULL = YES;
				CLANG_ANALYZER_NUMBER_OBJECT_CONVERSION = YES_AGGRESSIVE;
				CLANG_CXX_LANGUAGE_STANDARD = "gnu++20";
				CLANG_ENABLE_MODULES = YES;
				CLANG_ENABLE_OBJC_ARC = YES;
				CLANG_ENABLE_OBJC_WEAK = YES;
				CLANG_WARN_BLOCK_CAPTURE_AUTORELEASING = YES;
				CLANG_WARN_BOOL_CONVERSION = YES;
				CLANG_WARN_COMMA = YES;
				CLANG_WARN_CONSTANT_CONVERSION = YES;
				CLANG_WARN_DEPRECATED_OBJC_IMPLEMENTATIONS = YES;
				CLANG_WARN_DIRECT_OBJC_ISA_USAGE = YES_ERROR;
				CLANG_WARN_DOCUMENTATION_COMMENTS = YES;
				CLANG_WARN_EMPTY_BODY = YES;
				CLANG_WARN_ENUM_CONVERSION = YES;
				CLANG_WARN_INFINITE_RECURSION = YES;
				CLANG_WARN_INT_CONVERSION = YES;
				CLANG_WARN_NON_LITERAL_NULL_CONVERSION = YES;
				CLANG_WARN_OBJC_IMPLICIT_RETAIN_SELF = YES;
				CLANG_WARN_OBJC_LITERAL_CONVERSION = YES;
				CLANG_WARN_OBJC_ROOT_CLASS = YES_ERROR;
				CLANG_WARN_QUOTED_INCLUDE_IN_FRAMEWORK_HEADER = YES;
				CLANG_WARN_RANGE_LOOP_ANALYSIS = YES;
				CLANG_WARN_STRICT_PROTOTYPES = YES;
				CLANG_WARN_SUSPICIOUS_MOVE = YES;
				CLANG_WARN_UNGUARDED_AVAILABILITY = YES_AGGRESSIVE;
				CLANG_WARN_UNREACHABLE_CODE = YES;
				CLANG_WARN__DUPLICATE_METHOD_MATCH = YES;
				COPY_PHASE_STRIP = NO;
				DEBUG_INFORMATION_FORMAT = dwarf;
				ENABLE_STRICT_OBJC_MSGSEND = YES;
				ENABLE_TESTABILITY = YES;
				ENABLE_USER_SCRIPT_SANDBOXING = YES;
				GCC_C_LANGUAGE_STANDARD = gnu17;
				GCC_DYNAMIC_NO_PIC = NO;
				GCC_NO_COMMON_BLOCKS = YES;
				GCC_OPTIMIZATION_LEVEL = 0;
				GCC_PREPROCESSOR_DEFINITIONS = (
					"DEBUG=1",
					"$(inherited)",
				);
				GCC_WARN_64_TO_32_BIT_CONVERSION = YES;
				GCC_WARN_ABOUT_RETURN_TYPE = YES_ERROR;
				GCC_WARN_UNDECLARED_SELECTOR = YES;
				GCC_WARN_UNINITIALIZED_AUTOS = YES_AGGRESSIVE;
				GCC_WARN_UNUSED_FUNCTION = YES;
				GCC_WARN_UNUSED_VARIABLE = YES;
				IPHONEOS_DEPLOYMENT_TARGET = 17.2;
				LOCALIZATION_PREFERS_STRING_CATALOGS = YES;
				MTL_ENABLE_DEBUG_INFO = INCLUDE_SOURCE;
				MTL_FAST_MATH = YES;
				ONLY_ACTIVE_ARCH = YES;
				SDKROOT = iphoneos;
				SWIFT_ACTIVE_COMPILATION_CONDITIONS = "DEBUG $(inherited)";
				SWIFT_OPTIMIZATION_LEVEL = "-Onone";
			};
			name = Debug;
		};
		586609D32BC46EEE0075A2F9 /* Release */ = {
			isa = XCBuildConfiguration;
			buildSettings = {
				ALWAYS_SEARCH_USER_PATHS = NO;
				ASSETCATALOG_COMPILER_GENERATE_SWIFT_ASSET_SYMBOL_EXTENSIONS = YES;
				CLANG_ANALYZER_NONNULL = YES;
				CLANG_ANALYZER_NUMBER_OBJECT_CONVERSION = YES_AGGRESSIVE;
				CLANG_CXX_LANGUAGE_STANDARD = "gnu++20";
				CLANG_ENABLE_MODULES = YES;
				CLANG_ENABLE_OBJC_ARC = YES;
				CLANG_ENABLE_OBJC_WEAK = YES;
				CLANG_WARN_BLOCK_CAPTURE_AUTORELEASING = YES;
				CLANG_WARN_BOOL_CONVERSION = YES;
				CLANG_WARN_COMMA = YES;
				CLANG_WARN_CONSTANT_CONVERSION = YES;
				CLANG_WARN_DEPRECATED_OBJC_IMPLEMENTATIONS = YES;
				CLANG_WARN_DIRECT_OBJC_ISA_USAGE = YES_ERROR;
				CLANG_WARN_DOCUMENTATION_COMMENTS = YES;
				CLANG_WARN_EMPTY_BODY = YES;
				CLANG_WARN_ENUM_CONVERSION = YES;
				CLANG_WARN_INFINITE_RECURSION = YES;
				CLANG_WARN_INT_CONVERSION = YES;
				CLANG_WARN_NON_LITERAL_NULL_CONVERSION = YES;
				CLANG_WARN_OBJC_IMPLICIT_RETAIN_SELF = YES;
				CLANG_WARN_OBJC_LITERAL_CONVERSION = YES;
				CLANG_WARN_OBJC_ROOT_CLASS = YES_ERROR;
				CLANG_WARN_QUOTED_INCLUDE_IN_FRAMEWORK_HEADER = YES;
				CLANG_WARN_RANGE_LOOP_ANALYSIS = YES;
				CLANG_WARN_STRICT_PROTOTYPES = YES;
				CLANG_WARN_SUSPICIOUS_MOVE = YES;
				CLANG_WARN_UNGUARDED_AVAILABILITY = YES_AGGRESSIVE;
				CLANG_WARN_UNREACHABLE_CODE = YES;
				CLANG_WARN__DUPLICATE_METHOD_MATCH = YES;
				COPY_PHASE_STRIP = NO;
				DEBUG_INFORMATION_FORMAT = "dwarf-with-dsym";
				ENABLE_NS_ASSERTIONS = NO;
				ENABLE_STRICT_OBJC_MSGSEND = YES;
				ENABLE_USER_SCRIPT_SANDBOXING = YES;
				GCC_C_LANGUAGE_STANDARD = gnu17;
				GCC_NO_COMMON_BLOCKS = YES;
				GCC_WARN_64_TO_32_BIT_CONVERSION = YES;
				GCC_WARN_ABOUT_RETURN_TYPE = YES_ERROR;
				GCC_WARN_UNDECLARED_SELECTOR = YES;
				GCC_WARN_UNINITIALIZED_AUTOS = YES_AGGRESSIVE;
				GCC_WARN_UNUSED_FUNCTION = YES;
				GCC_WARN_UNUSED_VARIABLE = YES;
				IPHONEOS_DEPLOYMENT_TARGET = 17.2;
				LOCALIZATION_PREFERS_STRING_CATALOGS = YES;
				MTL_ENABLE_DEBUG_INFO = NO;
				MTL_FAST_MATH = YES;
				SDKROOT = iphoneos;
				SWIFT_COMPILATION_MODE = wholemodule;
				VALIDATE_PRODUCT = YES;
			};
			name = Release;
		};
		586609D52BC46EEE0075A2F9 /* Debug */ = {
			isa = XCBuildConfiguration;
			buildSettings = {
				ASSETCATALOG_COMPILER_APPICON_NAME = AppIcon;
				ASSETCATALOG_COMPILER_GLOBAL_ACCENT_COLOR_NAME = AccentColor;
				CODE_SIGN_IDENTITY = "Apple Development";
				CODE_SIGN_STYLE = Automatic;
				CURRENT_PROJECT_VERSION = 1;
				DEVELOPMENT_TEAM = 44T6ZC8F88;
				GENERATE_INFOPLIST_FILE = YES;
				INFOPLIST_FILE = LearnSwift/Info.plist;
				INFOPLIST_KEY_UIApplicationSupportsIndirectInputEvents = YES;
				INFOPLIST_KEY_UILaunchStoryboardName = LaunchScreen;
				INFOPLIST_KEY_UIMainStoryboardFile = Main;
				INFOPLIST_KEY_UISupportedInterfaceOrientations_iPad = "UIInterfaceOrientationPortrait UIInterfaceOrientationPortraitUpsideDown UIInterfaceOrientationLandscapeLeft UIInterfaceOrientationLandscapeRight";
				INFOPLIST_KEY_UISupportedInterfaceOrientations_iPhone = "UIInterfaceOrientationPortrait UIInterfaceOrientationLandscapeLeft UIInterfaceOrientationLandscapeRight";
				IPHONEOS_DEPLOYMENT_TARGET = 16.2;
				LD_RUNPATH_SEARCH_PATHS = (
					"$(inherited)",
					"@executable_path/Frameworks",
				);
				MARKETING_VERSION = 1.0;
				PRODUCT_BUNDLE_IDENTIFIER = com.personal.LearnSwif;
				PRODUCT_NAME = "$(TARGET_NAME)";
				PROVISIONING_PROFILE_SPECIFIER = "";
				SWIFT_EMIT_LOC_STRINGS = YES;
				SWIFT_VERSION = 5.0;
				TARGETED_DEVICE_FAMILY = "1,2";
			};
			name = Debug;
		};
		586609D62BC46EEE0075A2F9 /* Release */ = {
			isa = XCBuildConfiguration;
			buildSettings = {
				ASSETCATALOG_COMPILER_APPICON_NAME = AppIcon;
				ASSETCATALOG_COMPILER_GLOBAL_ACCENT_COLOR_NAME = AccentColor;
				CODE_SIGN_IDENTITY = "Apple Development";
				CODE_SIGN_STYLE = Automatic;
				CURRENT_PROJECT_VERSION = 1;
				DEVELOPMENT_TEAM = 44T6ZC8F88;
				GENERATE_INFOPLIST_FILE = YES;
				INFOPLIST_FILE = LearnSwift/Info.plist;
				INFOPLIST_KEY_UIApplicationSupportsIndirectInputEvents = YES;
				INFOPLIST_KEY_UILaunchStoryboardName = LaunchScreen;
				INFOPLIST_KEY_UIMainStoryboardFile = Main;
				INFOPLIST_KEY_UISupportedInterfaceOrientations_iPad = "UIInterfaceOrientationPortrait UIInterfaceOrientationPortraitUpsideDown UIInterfaceOrientationLandscapeLeft UIInterfaceOrientationLandscapeRight";
				INFOPLIST_KEY_UISupportedInterfaceOrientations_iPhone = "UIInterfaceOrientationPortrait UIInterfaceOrientationLandscapeLeft UIInterfaceOrientationLandscapeRight";
				IPHONEOS_DEPLOYMENT_TARGET = 16.2;
				LD_RUNPATH_SEARCH_PATHS = (
					"$(inherited)",
					"@executable_path/Frameworks",
				);
				MARKETING_VERSION = 1.0;
				PRODUCT_BUNDLE_IDENTIFIER = com.personal.LearnSwif;
				PRODUCT_NAME = "$(TARGET_NAME)";
				PROVISIONING_PROFILE_SPECIFIER = "";
				SWIFT_EMIT_LOC_STRINGS = YES;
				SWIFT_VERSION = 5.0;
				TARGETED_DEVICE_FAMILY = "1,2";
			};
			name = Release;
		};
		586609D82BC46EEE0075A2F9 /* Debug */ = {
			isa = XCBuildConfiguration;
			buildSettings = {
				ALWAYS_EMBED_SWIFT_STANDARD_LIBRARIES = YES;
				BUNDLE_LOADER = "$(TEST_HOST)";
				CODE_SIGN_STYLE = Automatic;
				CURRENT_PROJECT_VERSION = 1;
				DEVELOPMENT_TEAM = LH8GY3DHHE;
				GENERATE_INFOPLIST_FILE = YES;
				IPHONEOS_DEPLOYMENT_TARGET = 17.2;
				MARKETING_VERSION = 1.0;
				PRODUCT_BUNDLE_IDENTIFIER = com.personal.LearnSwiftTests;
				PRODUCT_NAME = "$(TARGET_NAME)";
				SWIFT_EMIT_LOC_STRINGS = NO;
				SWIFT_VERSION = 5.0;
				TARGETED_DEVICE_FAMILY = "1,2";
				TEST_HOST = "$(BUILT_PRODUCTS_DIR)/LearnSwift.app/$(BUNDLE_EXECUTABLE_FOLDER_PATH)/LearnSwift";
			};
			name = Debug;
		};
		586609D92BC46EEE0075A2F9 /* Release */ = {
			isa = XCBuildConfiguration;
			buildSettings = {
				ALWAYS_EMBED_SWIFT_STANDARD_LIBRARIES = YES;
				BUNDLE_LOADER = "$(TEST_HOST)";
				CODE_SIGN_STYLE = Automatic;
				CURRENT_PROJECT_VERSION = 1;
				DEVELOPMENT_TEAM = LH8GY3DHHE;
				GENERATE_INFOPLIST_FILE = YES;
				IPHONEOS_DEPLOYMENT_TARGET = 17.2;
				MARKETING_VERSION = 1.0;
				PRODUCT_BUNDLE_IDENTIFIER = com.personal.LearnSwiftTests;
				PRODUCT_NAME = "$(TARGET_NAME)";
				SWIFT_EMIT_LOC_STRINGS = NO;
				SWIFT_VERSION = 5.0;
				TARGETED_DEVICE_FAMILY = "1,2";
				TEST_HOST = "$(BUILT_PRODUCTS_DIR)/LearnSwift.app/$(BUNDLE_EXECUTABLE_FOLDER_PATH)/LearnSwift";
			};
			name = Release;
		};
		586609DB2BC46EEE0075A2F9 /* Debug */ = {
			isa = XCBuildConfiguration;
			buildSettings = {
				ALWAYS_EMBED_SWIFT_STANDARD_LIBRARIES = YES;
				CODE_SIGN_STYLE = Automatic;
				CURRENT_PROJECT_VERSION = 1;
				DEVELOPMENT_TEAM = LH8GY3DHHE;
				GENERATE_INFOPLIST_FILE = YES;
				MARKETING_VERSION = 1.0;
				PRODUCT_BUNDLE_IDENTIFIER = com.personal.LearnSwiftUITests;
				PRODUCT_NAME = "$(TARGET_NAME)";
				SWIFT_EMIT_LOC_STRINGS = NO;
				SWIFT_VERSION = 5.0;
				TARGETED_DEVICE_FAMILY = "1,2";
				TEST_TARGET_NAME = LearnSwift;
			};
			name = Debug;
		};
		586609DC2BC46EEE0075A2F9 /* Release */ = {
			isa = XCBuildConfiguration;
			buildSettings = {
				ALWAYS_EMBED_SWIFT_STANDARD_LIBRARIES = YES;
				CODE_SIGN_STYLE = Automatic;
				CURRENT_PROJECT_VERSION = 1;
				DEVELOPMENT_TEAM = LH8GY3DHHE;
				GENERATE_INFOPLIST_FILE = YES;
				MARKETING_VERSION = 1.0;
				PRODUCT_BUNDLE_IDENTIFIER = com.personal.LearnSwiftUITests;
				PRODUCT_NAME = "$(TARGET_NAME)";
				SWIFT_EMIT_LOC_STRINGS = NO;
				SWIFT_VERSION = 5.0;
				TARGETED_DEVICE_FAMILY = "1,2";
				TEST_TARGET_NAME = LearnSwift;
			};
			name = Release;
		};
/* End XCBuildConfiguration section */

/* Begin XCConfigurationList section */
		586609A52BC46EEB0075A2F9 /* Build configuration list for PBXProject "LearnSwift" */ = {
			isa = XCConfigurationList;
			buildConfigurations = (
				586609D22BC46EEE0075A2F9 /* Debug */,
				586609D32BC46EEE0075A2F9 /* Release */,
			);
			defaultConfigurationIsVisible = 0;
			defaultConfigurationName = Release;
		};
		586609D42BC46EEE0075A2F9 /* Build configuration list for PBXNativeTarget "LearnSwift" */ = {
			isa = XCConfigurationList;
			buildConfigurations = (
				586609D52BC46EEE0075A2F9 /* Debug */,
				586609D62BC46EEE0075A2F9 /* Release */,
			);
			defaultConfigurationIsVisible = 0;
			defaultConfigurationName = Release;
		};
		586609D72BC46EEE0075A2F9 /* Build configuration list for PBXNativeTarget "LearnSwiftTests" */ = {
			isa = XCConfigurationList;
			buildConfigurations = (
				586609D82BC46EEE0075A2F9 /* Debug */,
				586609D92BC46EEE0075A2F9 /* Release */,
			);
			defaultConfigurationIsVisible = 0;
			defaultConfigurationName = Release;
		};
		586609DA2BC46EEE0075A2F9 /* Build configuration list for PBXNativeTarget "LearnSwiftUITests" */ = {
			isa = XCConfigurationList;
			buildConfigurations = (
				586609DB2BC46EEE0075A2F9 /* Debug */,
				586609DC2BC46EEE0075A2F9 /* Release */,
			);
			defaultConfigurationIsVisible = 0;
			defaultConfigurationName = Release;
		};
/* End XCConfigurationList section */
	};
	rootObject = 586609A22BC46EEB0075A2F9 /* Project object */;
}
